DEPENDENCIES
  apt-chef (~> 1.0.0)
  fail2ban (~> 2.3.0)
  firewall (~> 2.7.0)
  hostnames (= 0.3.1)
  locale (~> 1.1.0)
  memcached (~> 6.1.0)
  monit-tlq
    path: ../monit-tlq
  monit_configs-tlq
    path: ../monit_configs-tlq
  mysql (~> 5.6.3)
  nginx (~> 11.4.0)
  ntp (~> 3.7.0)
  openssh (= 1.2.2)
  postgresql (~> 8.2.1)
  rails_gem_dependencies-tlq
    path: ../rails_gem_dependencies-tlq
  redisio (~> 4.2.0)
  ruby_build (~> 2.1.1)
  ruby_rbenv
    git: https://github.com/sous-chefs/ruby_rbenv.git
    revision: 35c775e5e0371cb798f5049a56dc8330bd196f15
  sudo (~> 2.9.0)
  ufw (~> 3.2.1)
  users (~> 5.5.0)

GRAPH
  apt (2.9.2)
  apt-chef (1.0.0)
    apt (>= 0.0.0)
  chef-sugar (5.1.12)
  fail2ban (2.3.0)
    yum-epel (>= 0.0.0)
  firewall (2.7.0)
    chef-sugar (>= 0.0.0)
  homebrew (5.1.0)
  hostnames (0.3.1)
    hostsfile (>= 0.0.0)
  hostsfile (2.4.5)
  iptables (2.2.0)
  locale (1.1.0)
  memcached (6.1.0)
  monit-tlq (0.5.0)
  monit_configs-tlq (1.0.0)
  mysql (5.6.3)
    yum-mysql-community (>= 0.0.0)
  nginx (11.4.0)
    ohai (~> 5.2)
  ntp (3.7.0)
  ohai (5.3.0)
  openssh (1.2.2)
    iptables (>= 0.0.0)
  postgresql (8.2.1)
    apt (>= 0.0.0)
    yum-epel (>= 0.0.0)
  rails_gem_dependencies-tlq (1.0.0)
    apt (>= 0.0.0)
  redisio (4.2.0)
    selinux_policy (>= 2.2.0)
    ulimit (>= 0.1.2)
  ruby_build (2.1.1)
    homebrew (>= 0.0.0)
    yum-centos (>= 0.0.0)
    yum-epel (>= 0.0.0)
  ruby_rbenv (2.6.0)
  selinux_policy (2.4.3)
  sudo (2.9.0)
  ufw (3.2.1)
    firewall (>= 2.0)
  ulimit (1.1.1)
  users (5.5.0)
  yum (3.11.0)
  yum-centos (4.0.2)
  yum-epel (0.7.0)
    yum (>= 3.6.3)
  yum-mysql-community (0.2.0)
    yum (>= 3.2)
