{
  "sources": {
    "build-essential": {
      "locked_version": "1.4.2",
      "git": "https://github.com/opscode-cookbooks/build-essential",
      "ref": "7f4d351036f10e7b641e1df137390491d6111669"
    },
    "sudo": {
      "locked_version": "2.2.3",
      "git": "https://github.com/opscode-cookbooks/sudo.git",
      "ref": "6a616bcf0c7e26918103bca976064996dcd08350"
    },
    "basic-security-tlq": {
      "locked_version": "0.0.1",
      "git": "git@github.com:TalkingQuickly/basic_security-tlq.git",
      "ref": "bf4b30c535930c418c70b7e4a2ba8faf2c770f10"
    },
    "look-and-feel-tlq": {
      "locked_version": "0.0.1",
      "git": "git@github.com:TalkingQuickly/look_and_feel-tlq.git",
      "ref": "190381f78a2a6a2ab0a3b78d161bc72779cf5ebc"
    },
    "users": {
      "locked_version": "1.6.1",
      "git": "https://github.com/opscode-cookbooks/users.git",
      "ref": "d9369161fb3b5a73cbb75597a01fa80f338b53be"
    },
    "chef-solo-search": {
      "locked_version": "0.5.1",
      "git": "https://github.com/edelight/chef-solo-search",
      "ref": "681f78a108f5f8a3655551b32d9939603628c568"
    },
    "memcached-tlq": {
      "locked_version": "0.0.1",
      "git": "git@github.com:TalkingQuickly/memcached-tlq.git",
      "ref": "09d17381e27979ff367f712697d7a53055e3f20c"
    },
    "mongo-tlq": {
      "locked_version": "0.0.1",
      "git": "git@github.com:TalkingQuickly/mongo-tlq.git",
      "ref": "9e652de196cac937a1e8e9bc5ccdf2c9422f230e"
    },
    "redis-tlq": {
      "locked_version": "0.0.1",
      "git": "git@github.com:TalkingQuickly/redis-tlq.git",
      "ref": "eaaafe37878f219fb65eef71507eb356ca057ddb"
    },
    "monit_configs-tlq": {
      "locked_version": "0.0.1",
      "git": "git@github.com:TalkingQuickly/monit_configs-tlq.git",
      "ref": "a36bebb930cab7feca5d9d4d6343fa4c6b2e64a5"
    },
    "monit-tlq": {
      "locked_version": "0.0.0",
      "git": "git@github.com:TalkingQuickly/monit-tlq.git",
      "ref": "cca8d0c37eb4077aa5ad013f05d4eb462ecb11cf"
    },
    "rails_gem_dependencies-tlq": {
      "locked_version": "0.0.1",
      "git": "git@github.com:TalkingQuickly/rails_gem_dependencies-tlq.git",
      "ref": "213f5d2ecf1be5d0778414164e84d29166443f44"
    },
    "mysql": {
      "locked_version": "3.0.13",
      "git": "https://github.com/opscode-cookbooks/mysql",
      "ref": "dae0f7d8efa62f515c8fcdd5164aef30961ee023"
    },
    "nginx-tlq": {
      "locked_version": "0.0.1",
      "git": "git@github.com:TalkingQuickly/nginx-tlq.git",
      "ref": "f28dbe6d19f161e4a9ec2400b1e87b42ffaa64d3"
    },
    "rbenv": {
      "locked_version": "0.7.3",
      "git": "https://github.com/fnichol/chef-rbenv",
      "ref": "9afb4e5da2e6212504a12de3bbbd410cd96100f6"
    },
    "postgresql": {
      "locked_version": "3.1.1",
      "git": "git@github.com:opscode-cookbooks/postgresql.git",
      "ref": "d0ae7eff0db5b6fc05411eb5bac6ea1614838da9"
    },
    "openssl": {
      "locked_version": "1.1.0"
    },
    "ruby_build": {
      "locked_version": "0.8.0"
    },
    "java": {
      "locked_version": "1.14.0"
    },
    "windows": {
      "locked_version": "1.11.0"
    },
    "chef_handler": {
      "locked_version": "1.1.4"
    },
    "aws": {
      "locked_version": "0.101.6"
    },
    "apt": {
      "locked_version": "2.2.1"
    }
  }
}
